
Microsoft Visual Studio Solution File, Format Version 12.00
# Visual Studio 2012
Project("{FAE04EC0-301F-11D3-BF4B-00C04F79EFBC}") = "01. NumbersFrom1toN", "01. NumbersFrom1toN\01. NumbersFrom1toN.csproj", "{23C41EEE-6770-4CE2-AFD9-3E43655699EF}"
EndProject
Project("{FAE04EC0-301F-11D3-BF4B-00C04F79EFBC}") = "02. NumbersNotDivisibleby3and7", "02. NumbersNotDivisibleby3and7\02. NumbersNotDivisibleby3and7.csproj", "{A086028D-B6E7-488B-899A-4A61E81755E5}"
EndProject
Project("{FAE04EC0-301F-11D3-BF4B-00C04F79EFBC}") = "03. MinMaxSumandAverageofNNumbers", "03. MinMaxSumandAverageofNNumbers\03. MinMaxSumandAverageofNNumbers.csproj", "{6EE8DEE4-55DE-4B82-9FA7-46F4A40C764D}"
EndProject
Project("{FAE04EC0-301F-11D3-BF4B-00C04F79EFBC}") = "04. PrintaDeckof52Cards", "04. PrintaDeckof52Cards\04. PrintaDeckof52Cards.csproj", "{5DA20A4A-896D-4C8A-B98C-516EBC67B7AD}"
EndProject
Project("{FAE04EC0-301F-11D3-BF4B-00C04F79EFBC}") = "05. CalculateFormula", "05. CalculateFormula\05. CalculateFormula.csproj", "{7BB9E2E9-012D-4007-9220-DA907447ED6B}"
EndProject
Project("{FAE04EC0-301F-11D3-BF4B-00C04F79EFBC}") = "06. NFonKF", "06. NFonKF\06. NFonKF.csproj", "{AA66F5F1-19DF-4E6E-9786-3D67BB1463AD}"
EndProject
Project("{FAE04EC0-301F-11D3-BF4B-00C04F79EFBC}") = "07. FactorialTask", "07. FactorialTask\07. FactorialTask.csproj", "{4E82BA85-B6DD-4FE4-B7C4-52E9929AC098}"
EndProject
Project("{FAE04EC0-301F-11D3-BF4B-00C04F79EFBC}") = "08. CatalanNumbers", "08. CatalanNumbers\08. CatalanNumbers.csproj", "{05CA6442-1C8E-4A47-94BC-6AA782C9FF24}"
EndProject
Project("{FAE04EC0-301F-11D3-BF4B-00C04F79EFBC}") = "09. MatrixOfNumbers", "09. MatrixOfNumbers\09. MatrixOfNumbers.csproj", "{23011963-3789-4432-8B73-FC07539A90EA}"
EndProject
Project("{FAE04EC0-301F-11D3-BF4B-00C04F79EFBC}") = "10. OddOrEvenProduct", "10. OddOrEvenProduct\10. OddOrEvenProduct.csproj", "{CB05C614-16E7-481D-916C-292B04968873}"
EndProject
Project("{FAE04EC0-301F-11D3-BF4B-00C04F79EFBC}") = "11. RandomNumbersinGivenRange", "11. RandomNumbersinGivenRange\11. RandomNumbersinGivenRange.csproj", "{B5D8C7DE-04BC-447A-BDF1-17D4B5251221}"
EndProject
Project("{FAE04EC0-301F-11D3-BF4B-00C04F79EFBC}") = "12. RandomizeTheNumbers", "12. RandomizeTheNumbers\12. RandomizeTheNumbers.csproj", "{AB0347A4-514E-415B-A387-7D2750696F71}"
EndProject
Project("{FAE04EC0-301F-11D3-BF4B-00C04F79EFBC}") = "13. BinarytoDecimalNumber", "13. BinarytoDecimalNumber\13. BinarytoDecimalNumber.csproj", "{BBF155E8-2821-4436-9608-90436DC5385D}"
EndProject
Project("{FAE04EC0-301F-11D3-BF4B-00C04F79EFBC}") = "14. DecimalToBinaryNumber", "14. DecimalToBinaryNumber\14. DecimalToBinaryNumber.csproj", "{662EB0E0-ECD7-4ABC-BB18-6DD4DDAEAD8B}"
EndProject
Project("{FAE04EC0-301F-11D3-BF4B-00C04F79EFBC}") = "15. HexadecimalToDecimalNumber", "15. HexadecimalToDecimalNumber\15. HexadecimalToDecimalNumber.csproj", "{5C86BAB2-3F08-43E1-9B2E-05417D31BF0E}"
EndProject
Project("{FAE04EC0-301F-11D3-BF4B-00C04F79EFBC}") = "16. DecimaltoHexadecimalNumber", "16. DecimaltoHexadecimalNumber\16. DecimaltoHexadecimalNumber.csproj", "{2052DBA2-B12A-4DC3-AF4B-9DC7B4082A20}"
EndProject
Project("{FAE04EC0-301F-11D3-BF4B-00C04F79EFBC}") = "17. GDC", "17. GDC\17. GDC.csproj", "{5D931DC8-6E03-40CE-8308-2BDCFE07ED05}"
EndProject
Project("{FAE04EC0-301F-11D3-BF4B-00C04F79EFBC}") = "18. TrailingZeros", "18. TrailingZeros\18. TrailingZeros.csproj", "{60719D21-0482-405E-88B3-A8DE38F6526E}"
EndProject
Project("{FAE04EC0-301F-11D3-BF4B-00C04F79EFBC}") = "19. SpiralMatrix", "19. SpiralMatrix\19. SpiralMatrix.csproj", "{9D72BCF6-84CF-407F-83AA-CD67518F0B21}"
EndProject
Global
	GlobalSection(SolutionConfigurationPlatforms) = preSolution
		Debug|Any CPU = Debug|Any CPU
		Release|Any CPU = Release|Any CPU
	EndGlobalSection
	GlobalSection(ProjectConfigurationPlatforms) = postSolution
		{23C41EEE-6770-4CE2-AFD9-3E43655699EF}.Debug|Any CPU.ActiveCfg = Debug|Any CPU
		{23C41EEE-6770-4CE2-AFD9-3E43655699EF}.Debug|Any CPU.Build.0 = Debug|Any CPU
		{23C41EEE-6770-4CE2-AFD9-3E43655699EF}.Release|Any CPU.ActiveCfg = Release|Any CPU
		{23C41EEE-6770-4CE2-AFD9-3E43655699EF}.Release|Any CPU.Build.0 = Release|Any CPU
		{A086028D-B6E7-488B-899A-4A61E81755E5}.Debug|Any CPU.ActiveCfg = Debug|Any CPU
		{A086028D-B6E7-488B-899A-4A61E81755E5}.Debug|Any CPU.Build.0 = Debug|Any CPU
		{A086028D-B6E7-488B-899A-4A61E81755E5}.Release|Any CPU.ActiveCfg = Release|Any CPU
		{A086028D-B6E7-488B-899A-4A61E81755E5}.Release|Any CPU.Build.0 = Release|Any CPU
		{6EE8DEE4-55DE-4B82-9FA7-46F4A40C764D}.Debug|Any CPU.ActiveCfg = Debug|Any CPU
		{6EE8DEE4-55DE-4B82-9FA7-46F4A40C764D}.Debug|Any CPU.Build.0 = Debug|Any CPU
		{6EE8DEE4-55DE-4B82-9FA7-46F4A40C764D}.Release|Any CPU.ActiveCfg = Release|Any CPU
		{6EE8DEE4-55DE-4B82-9FA7-46F4A40C764D}.Release|Any CPU.Build.0 = Release|Any CPU
		{5DA20A4A-896D-4C8A-B98C-516EBC67B7AD}.Debug|Any CPU.ActiveCfg = Debug|Any CPU
		{5DA20A4A-896D-4C8A-B98C-516EBC67B7AD}.Debug|Any CPU.Build.0 = Debug|Any CPU
		{5DA20A4A-896D-4C8A-B98C-516EBC67B7AD}.Release|Any CPU.ActiveCfg = Release|Any CPU
		{5DA20A4A-896D-4C8A-B98C-516EBC67B7AD}.Release|Any CPU.Build.0 = Release|Any CPU
		{7BB9E2E9-012D-4007-9220-DA907447ED6B}.Debug|Any CPU.ActiveCfg = Debug|Any CPU
		{7BB9E2E9-012D-4007-9220-DA907447ED6B}.Debug|Any CPU.Build.0 = Debug|Any CPU
		{7BB9E2E9-012D-4007-9220-DA907447ED6B}.Release|Any CPU.ActiveCfg = Release|Any CPU
		{7BB9E2E9-012D-4007-9220-DA907447ED6B}.Release|Any CPU.Build.0 = Release|Any CPU
		{AA66F5F1-19DF-4E6E-9786-3D67BB1463AD}.Debug|Any CPU.ActiveCfg = Debug|Any CPU
		{AA66F5F1-19DF-4E6E-9786-3D67BB1463AD}.Debug|Any CPU.Build.0 = Debug|Any CPU
		{AA66F5F1-19DF-4E6E-9786-3D67BB1463AD}.Release|Any CPU.ActiveCfg = Release|Any CPU
		{AA66F5F1-19DF-4E6E-9786-3D67BB1463AD}.Release|Any CPU.Build.0 = Release|Any CPU
		{4E82BA85-B6DD-4FE4-B7C4-52E9929AC098}.Debug|Any CPU.ActiveCfg = Debug|Any CPU
		{4E82BA85-B6DD-4FE4-B7C4-52E9929AC098}.Debug|Any CPU.Build.0 = Debug|Any CPU
		{4E82BA85-B6DD-4FE4-B7C4-52E9929AC098}.Release|Any CPU.ActiveCfg = Release|Any CPU
		{4E82BA85-B6DD-4FE4-B7C4-52E9929AC098}.Release|Any CPU.Build.0 = Release|Any CPU
		{05CA6442-1C8E-4A47-94BC-6AA782C9FF24}.Debug|Any CPU.ActiveCfg = Debug|Any CPU
		{05CA6442-1C8E-4A47-94BC-6AA782C9FF24}.Debug|Any CPU.Build.0 = Debug|Any CPU
		{05CA6442-1C8E-4A47-94BC-6AA782C9FF24}.Release|Any CPU.ActiveCfg = Release|Any CPU
		{05CA6442-1C8E-4A47-94BC-6AA782C9FF24}.Release|Any CPU.Build.0 = Release|Any CPU
		{23011963-3789-4432-8B73-FC07539A90EA}.Debug|Any CPU.ActiveCfg = Debug|Any CPU
		{23011963-3789-4432-8B73-FC07539A90EA}.Debug|Any CPU.Build.0 = Debug|Any CPU
		{23011963-3789-4432-8B73-FC07539A90EA}.Release|Any CPU.ActiveCfg = Release|Any CPU
		{23011963-3789-4432-8B73-FC07539A90EA}.Release|Any CPU.Build.0 = Release|Any CPU
		{CB05C614-16E7-481D-916C-292B04968873}.Debug|Any CPU.ActiveCfg = Debug|Any CPU
		{CB05C614-16E7-481D-916C-292B04968873}.Debug|Any CPU.Build.0 = Debug|Any CPU
		{CB05C614-16E7-481D-916C-292B04968873}.Release|Any CPU.ActiveCfg = Release|Any CPU
		{CB05C614-16E7-481D-916C-292B04968873}.Release|Any CPU.Build.0 = Release|Any CPU
		{B5D8C7DE-04BC-447A-BDF1-17D4B5251221}.Debug|Any CPU.ActiveCfg = Debug|Any CPU
		{B5D8C7DE-04BC-447A-BDF1-17D4B5251221}.Debug|Any CPU.Build.0 = Debug|Any CPU
		{B5D8C7DE-04BC-447A-BDF1-17D4B5251221}.Release|Any CPU.ActiveCfg = Release|Any CPU
		{B5D8C7DE-04BC-447A-BDF1-17D4B5251221}.Release|Any CPU.Build.0 = Release|Any CPU
		{AB0347A4-514E-415B-A387-7D2750696F71}.Debug|Any CPU.ActiveCfg = Debug|Any CPU
		{AB0347A4-514E-415B-A387-7D2750696F71}.Debug|Any CPU.Build.0 = Debug|Any CPU
		{AB0347A4-514E-415B-A387-7D2750696F71}.Release|Any CPU.ActiveCfg = Release|Any CPU
		{AB0347A4-514E-415B-A387-7D2750696F71}.Release|Any CPU.Build.0 = Release|Any CPU
		{BBF155E8-2821-4436-9608-90436DC5385D}.Debug|Any CPU.ActiveCfg = Debug|Any CPU
		{BBF155E8-2821-4436-9608-90436DC5385D}.Debug|Any CPU.Build.0 = Debug|Any CPU
		{BBF155E8-2821-4436-9608-90436DC5385D}.Release|Any CPU.ActiveCfg = Release|Any CPU
		{BBF155E8-2821-4436-9608-90436DC5385D}.Release|Any CPU.Build.0 = Release|Any CPU
		{662EB0E0-ECD7-4ABC-BB18-6DD4DDAEAD8B}.Debug|Any CPU.ActiveCfg = Debug|Any CPU
		{662EB0E0-ECD7-4ABC-BB18-6DD4DDAEAD8B}.Debug|Any CPU.Build.0 = Debug|Any CPU
		{662EB0E0-ECD7-4ABC-BB18-6DD4DDAEAD8B}.Release|Any CPU.ActiveCfg = Release|Any CPU
		{662EB0E0-ECD7-4ABC-BB18-6DD4DDAEAD8B}.Release|Any CPU.Build.0 = Release|Any CPU
		{5C86BAB2-3F08-43E1-9B2E-05417D31BF0E}.Debug|Any CPU.ActiveCfg = Debug|Any CPU
		{5C86BAB2-3F08-43E1-9B2E-05417D31BF0E}.Debug|Any CPU.Build.0 = Debug|Any CPU
		{5C86BAB2-3F08-43E1-9B2E-05417D31BF0E}.Release|Any CPU.ActiveCfg = Release|Any CPU
		{5C86BAB2-3F08-43E1-9B2E-05417D31BF0E}.Release|Any CPU.Build.0 = Release|Any CPU
		{2052DBA2-B12A-4DC3-AF4B-9DC7B4082A20}.Debug|Any CPU.ActiveCfg = Debug|Any CPU
		{2052DBA2-B12A-4DC3-AF4B-9DC7B4082A20}.Debug|Any CPU.Build.0 = Debug|Any CPU
		{2052DBA2-B12A-4DC3-AF4B-9DC7B4082A20}.Release|Any CPU.ActiveCfg = Release|Any CPU
		{2052DBA2-B12A-4DC3-AF4B-9DC7B4082A20}.Release|Any CPU.Build.0 = Release|Any CPU
		{5D931DC8-6E03-40CE-8308-2BDCFE07ED05}.Debug|Any CPU.ActiveCfg = Debug|Any CPU
		{5D931DC8-6E03-40CE-8308-2BDCFE07ED05}.Debug|Any CPU.Build.0 = Debug|Any CPU
		{5D931DC8-6E03-40CE-8308-2BDCFE07ED05}.Release|Any CPU.ActiveCfg = Release|Any CPU
		{5D931DC8-6E03-40CE-8308-2BDCFE07ED05}.Release|Any CPU.Build.0 = Release|Any CPU
		{60719D21-0482-405E-88B3-A8DE38F6526E}.Debug|Any CPU.ActiveCfg = Debug|Any CPU
		{60719D21-0482-405E-88B3-A8DE38F6526E}.Debug|Any CPU.Build.0 = Debug|Any CPU
		{60719D21-0482-405E-88B3-A8DE38F6526E}.Release|Any CPU.ActiveCfg = Release|Any CPU
		{60719D21-0482-405E-88B3-A8DE38F6526E}.Release|Any CPU.Build.0 = Release|Any CPU
		{9D72BCF6-84CF-407F-83AA-CD67518F0B21}.Debug|Any CPU.ActiveCfg = Debug|Any CPU
		{9D72BCF6-84CF-407F-83AA-CD67518F0B21}.Debug|Any CPU.Build.0 = Debug|Any CPU
		{9D72BCF6-84CF-407F-83AA-CD67518F0B21}.Release|Any CPU.ActiveCfg = Release|Any CPU
		{9D72BCF6-84CF-407F-83AA-CD67518F0B21}.Release|Any CPU.Build.0 = Release|Any CPU
	EndGlobalSection
	GlobalSection(SolutionProperties) = preSolution
		HideSolutionNode = FALSE
	EndGlobalSection
EndGlobal
