
Microsoft Visual Studio Solution File, Format Version 12.00
# Visual Studio 2013
VisualStudioVersion = 12.0.21005.1
MinimumVisualStudioVersion = 10.0.40219.1
Project("{FAE04EC0-301F-11D3-BF4B-00C04F79EFBC}") = "01. OddLines", "01. OddLines\01. OddLines.csproj", "{87FC3322-099E-4D3D-A6B1-784547F2E16C}"
EndProject
Project("{FAE04EC0-301F-11D3-BF4B-00C04F79EFBC}") = "02. ConcatenateTextFiles", "02. ConcatenateTextFiles\02. ConcatenateTextFiles.csproj", "{62D83C72-AA4D-482F-8A77-14C6256F13D4}"
EndProject
Project("{FAE04EC0-301F-11D3-BF4B-00C04F79EFBC}") = "03. LineNumbers", "03. LineNumbers\03. LineNumbers.csproj", "{CC0DF927-BE91-4FC8-A620-8BB26647482B}"
EndProject
Project("{FAE04EC0-301F-11D3-BF4B-00C04F79EFBC}") = "04. CompareTextFiles", "04. CompareTextFiles\04. CompareTextFiles.csproj", "{B9520EAF-A52D-4ED2-8C7E-669890DAF393}"
EndProject
Project("{FAE04EC0-301F-11D3-BF4B-00C04F79EFBC}") = "05. MaximalAreaSum", "05. MaximalAreaSum\05. MaximalAreaSum.csproj", "{7E306DDC-DBEE-49EA-8D75-BE68CA9BC63B}"
EndProject
Project("{FAE04EC0-301F-11D3-BF4B-00C04F79EFBC}") = "06. SaveSortedNames", "06. SaveSortedNames\06. SaveSortedNames.csproj", "{998A042F-AFD5-4531-AD01-F8C3DDF6EB0D}"
EndProject
Project("{FAE04EC0-301F-11D3-BF4B-00C04F79EFBC}") = "07. ReplaceSubstring", "07. ReplaceSubstring\07. ReplaceSubstring.csproj", "{0558A7B2-9F55-4771-8888-A9AB9293CB2D}"
EndProject
Project("{FAE04EC0-301F-11D3-BF4B-00C04F79EFBC}") = "08. ReplaceWholeWord", "08. ReplaceWholeWord\08. ReplaceWholeWord.csproj", "{0FC00A96-3748-4950-B21B-A8DA88EE16DD}"
EndProject
Project("{FAE04EC0-301F-11D3-BF4B-00C04F79EFBC}") = "09. DeleteOddLines", "09. DeleteOddLines\09. DeleteOddLines.csproj", "{D404E30A-0FBD-46CC-B58B-2598D96D8E97}"
EndProject
Project("{FAE04EC0-301F-11D3-BF4B-00C04F79EFBC}") = "10. ExtractTextFromXML", "10. ExtractTextFromXML\10. ExtractTextFromXML.csproj", "{FE6AAB20-EF30-416F-B5CF-3F2FF2312862}"
EndProject
Project("{FAE04EC0-301F-11D3-BF4B-00C04F79EFBC}") = "11. PrefixTest", "11. PrefixTest\11. PrefixTest.csproj", "{1850D40B-8761-4E22-88B7-A9C44DCBAF09}"
EndProject
Project("{FAE04EC0-301F-11D3-BF4B-00C04F79EFBC}") = "12. RemoveWords", "12. RemoveWords\12. RemoveWords.csproj", "{DD0A3BFB-023F-4126-9D51-7B599EFEBB8F}"
EndProject
Project("{FAE04EC0-301F-11D3-BF4B-00C04F79EFBC}") = "13. CountWords", "13. CountWords\13. CountWords.csproj", "{43AA2085-2F7F-4BE2-9630-53297DF514AE}"
EndProject
Global
	GlobalSection(SolutionConfigurationPlatforms) = preSolution
		Debug|Any CPU = Debug|Any CPU
		Release|Any CPU = Release|Any CPU
	EndGlobalSection
	GlobalSection(ProjectConfigurationPlatforms) = postSolution
		{87FC3322-099E-4D3D-A6B1-784547F2E16C}.Debug|Any CPU.ActiveCfg = Debug|Any CPU
		{87FC3322-099E-4D3D-A6B1-784547F2E16C}.Debug|Any CPU.Build.0 = Debug|Any CPU
		{87FC3322-099E-4D3D-A6B1-784547F2E16C}.Release|Any CPU.ActiveCfg = Release|Any CPU
		{87FC3322-099E-4D3D-A6B1-784547F2E16C}.Release|Any CPU.Build.0 = Release|Any CPU
		{62D83C72-AA4D-482F-8A77-14C6256F13D4}.Debug|Any CPU.ActiveCfg = Debug|Any CPU
		{62D83C72-AA4D-482F-8A77-14C6256F13D4}.Debug|Any CPU.Build.0 = Debug|Any CPU
		{62D83C72-AA4D-482F-8A77-14C6256F13D4}.Release|Any CPU.ActiveCfg = Release|Any CPU
		{62D83C72-AA4D-482F-8A77-14C6256F13D4}.Release|Any CPU.Build.0 = Release|Any CPU
		{CC0DF927-BE91-4FC8-A620-8BB26647482B}.Debug|Any CPU.ActiveCfg = Debug|Any CPU
		{CC0DF927-BE91-4FC8-A620-8BB26647482B}.Debug|Any CPU.Build.0 = Debug|Any CPU
		{CC0DF927-BE91-4FC8-A620-8BB26647482B}.Release|Any CPU.ActiveCfg = Release|Any CPU
		{CC0DF927-BE91-4FC8-A620-8BB26647482B}.Release|Any CPU.Build.0 = Release|Any CPU
		{B9520EAF-A52D-4ED2-8C7E-669890DAF393}.Debug|Any CPU.ActiveCfg = Debug|Any CPU
		{B9520EAF-A52D-4ED2-8C7E-669890DAF393}.Debug|Any CPU.Build.0 = Debug|Any CPU
		{B9520EAF-A52D-4ED2-8C7E-669890DAF393}.Release|Any CPU.ActiveCfg = Release|Any CPU
		{B9520EAF-A52D-4ED2-8C7E-669890DAF393}.Release|Any CPU.Build.0 = Release|Any CPU
		{7E306DDC-DBEE-49EA-8D75-BE68CA9BC63B}.Debug|Any CPU.ActiveCfg = Debug|Any CPU
		{7E306DDC-DBEE-49EA-8D75-BE68CA9BC63B}.Debug|Any CPU.Build.0 = Debug|Any CPU
		{7E306DDC-DBEE-49EA-8D75-BE68CA9BC63B}.Release|Any CPU.ActiveCfg = Release|Any CPU
		{7E306DDC-DBEE-49EA-8D75-BE68CA9BC63B}.Release|Any CPU.Build.0 = Release|Any CPU
		{998A042F-AFD5-4531-AD01-F8C3DDF6EB0D}.Debug|Any CPU.ActiveCfg = Debug|Any CPU
		{998A042F-AFD5-4531-AD01-F8C3DDF6EB0D}.Debug|Any CPU.Build.0 = Debug|Any CPU
		{998A042F-AFD5-4531-AD01-F8C3DDF6EB0D}.Release|Any CPU.ActiveCfg = Release|Any CPU
		{998A042F-AFD5-4531-AD01-F8C3DDF6EB0D}.Release|Any CPU.Build.0 = Release|Any CPU
		{0558A7B2-9F55-4771-8888-A9AB9293CB2D}.Debug|Any CPU.ActiveCfg = Debug|Any CPU
		{0558A7B2-9F55-4771-8888-A9AB9293CB2D}.Debug|Any CPU.Build.0 = Debug|Any CPU
		{0558A7B2-9F55-4771-8888-A9AB9293CB2D}.Release|Any CPU.ActiveCfg = Release|Any CPU
		{0558A7B2-9F55-4771-8888-A9AB9293CB2D}.Release|Any CPU.Build.0 = Release|Any CPU
		{0FC00A96-3748-4950-B21B-A8DA88EE16DD}.Debug|Any CPU.ActiveCfg = Debug|Any CPU
		{0FC00A96-3748-4950-B21B-A8DA88EE16DD}.Debug|Any CPU.Build.0 = Debug|Any CPU
		{0FC00A96-3748-4950-B21B-A8DA88EE16DD}.Release|Any CPU.ActiveCfg = Release|Any CPU
		{0FC00A96-3748-4950-B21B-A8DA88EE16DD}.Release|Any CPU.Build.0 = Release|Any CPU
		{D404E30A-0FBD-46CC-B58B-2598D96D8E97}.Debug|Any CPU.ActiveCfg = Debug|Any CPU
		{D404E30A-0FBD-46CC-B58B-2598D96D8E97}.Debug|Any CPU.Build.0 = Debug|Any CPU
		{D404E30A-0FBD-46CC-B58B-2598D96D8E97}.Release|Any CPU.ActiveCfg = Release|Any CPU
		{D404E30A-0FBD-46CC-B58B-2598D96D8E97}.Release|Any CPU.Build.0 = Release|Any CPU
		{FE6AAB20-EF30-416F-B5CF-3F2FF2312862}.Debug|Any CPU.ActiveCfg = Debug|Any CPU
		{FE6AAB20-EF30-416F-B5CF-3F2FF2312862}.Debug|Any CPU.Build.0 = Debug|Any CPU
		{FE6AAB20-EF30-416F-B5CF-3F2FF2312862}.Release|Any CPU.ActiveCfg = Release|Any CPU
		{FE6AAB20-EF30-416F-B5CF-3F2FF2312862}.Release|Any CPU.Build.0 = Release|Any CPU
		{1850D40B-8761-4E22-88B7-A9C44DCBAF09}.Debug|Any CPU.ActiveCfg = Debug|Any CPU
		{1850D40B-8761-4E22-88B7-A9C44DCBAF09}.Debug|Any CPU.Build.0 = Debug|Any CPU
		{1850D40B-8761-4E22-88B7-A9C44DCBAF09}.Release|Any CPU.ActiveCfg = Release|Any CPU
		{1850D40B-8761-4E22-88B7-A9C44DCBAF09}.Release|Any CPU.Build.0 = Release|Any CPU
		{DD0A3BFB-023F-4126-9D51-7B599EFEBB8F}.Debug|Any CPU.ActiveCfg = Debug|Any CPU
		{DD0A3BFB-023F-4126-9D51-7B599EFEBB8F}.Debug|Any CPU.Build.0 = Debug|Any CPU
		{DD0A3BFB-023F-4126-9D51-7B599EFEBB8F}.Release|Any CPU.ActiveCfg = Release|Any CPU
		{DD0A3BFB-023F-4126-9D51-7B599EFEBB8F}.Release|Any CPU.Build.0 = Release|Any CPU
		{43AA2085-2F7F-4BE2-9630-53297DF514AE}.Debug|Any CPU.ActiveCfg = Debug|Any CPU
		{43AA2085-2F7F-4BE2-9630-53297DF514AE}.Debug|Any CPU.Build.0 = Debug|Any CPU
		{43AA2085-2F7F-4BE2-9630-53297DF514AE}.Release|Any CPU.ActiveCfg = Release|Any CPU
		{43AA2085-2F7F-4BE2-9630-53297DF514AE}.Release|Any CPU.Build.0 = Release|Any CPU
	EndGlobalSection
	GlobalSection(SolutionProperties) = preSolution
		HideSolutionNode = FALSE
	EndGlobalSection
EndGlobal
